github.com/ubgo/cache v0.0.0-20260517103845-4c1126dd19ee h1:9CiQnaxc54QHj6txLi7ITWHVkSR1/V+3jhpl/qAi9c0=
github.com/ubgo/cache v0.0.0-20260517103845-4c1126dd19ee/go.mod h1:2Z6dYQnKqvklI06GfUpUxaopjTNay8wV5GYM+m1/zDk=
github.com/ubgo/cache-mem v0.0.0-20260517104001-a5f66d32907a h1:/lKsDeMYG5SlcrGW0ab2mwgXdSqhL0AHFktx5X4XC7g=
github.com/ubgo/cache-mem v0.0.0-20260517104001-a5f66d32907a/go.mod h1:gresLSWVoCIahVfk8XAd2k1erKNuua2MRT1yUvYCsUY=
